
Microsoft Visual Studio Solution File, Format Version 12.00
# Visual Studio Version 17
VisualStudioVersion = 17.7.34024.191
MinimumVisualStudioVersion = 10.0.40219.1
Project("{9A19103F-16F7-4668-BE54-9A1E7A4F7556}") = "Admin_CET", "WebApplication2\Admin_CET.csproj", "{7379F2FE-A67F-4257-AED6-8486E243DB54}"
EndProject
Global
	GlobalSection(SolutionConfigurationPlatforms) = preSolution
		Debug|Any CPU = Debug|Any CPU
		Release|Any CPU = Release|Any CPU
	EndGlobalSection
	GlobalSection(ProjectConfigurationPlatforms) = postSolution
		{7379F2FE-A67F-4257-AED6-8486E243DB54}.Debug|Any CPU.ActiveCfg = Debug|Any CPU
		{7379F2FE-A67F-4257-AED6-8486E243DB54}.Debug|Any CPU.Build.0 = Debug|Any CPU
		{7379F2FE-A67F-4257-AED6-8486E243DB54}.Release|Any CPU.ActiveCfg = Release|Any CPU
		{7379F2FE-A67F-4257-AED6-8486E243DB54}.Release|Any CPU.Build.0 = Release|Any CPU
	EndGlobalSection
	GlobalSection(SolutionProperties) = preSolution
		HideSolutionNode = FALSE
	EndGlobalSection
	GlobalSection(ExtensibilityGlobals) = postSolution
		SolutionGuid = {F7077E12-C3B1-4D60-AB0C-48702A37A775}
	EndGlobalSection
EndGlobal
